# THIS IS AN AUTOGENERATED FILE. DO NOT EDIT THIS FILE DIRECTLY.
# yarn lockfile v1


amqp-connection-manager@^4.1.14:
  version "4.1.14"
  resolved "https://registry.yarnpkg.com/amqp-connection-manager/-/amqp-connection-manager-4.1.14.tgz#603d20ffbc6d90fe464c2a08600c7644c9475342"
  integrity sha512-1km47dIvEr0HhMUazqovSvNwIlSvDX2APdUpULaINtHpiki1O+cLRaTeXb/jav4OLtH+k6GBXx5gsKOT9kcGKQ==
  dependencies:
    promise-breaker "^6.0.0"

promise-breaker@^6.0.0:
  version "6.0.0"
  resolved "https://registry.yarnpkg.com/promise-breaker/-/promise-breaker-6.0.0.tgz#107d2b70f161236abdb4ac5a736c7eb8df489d0f"
  integrity sha512-BthzO9yTPswGf7etOBiHCVuugs2N01/Q/94dIPls48z2zCmrnDptUUZzfIb+41xq0MnYZ/BzmOd6ikDR4ibNZA==
